{
  "nodes": {
    "nixpkgs": {
      "locked": {
        "lastModified": 1768127708,
        "narHash": "sha256-1Sm77VfZh3mU0F5OqKABNLWxOuDeHIlcFjsXeeiPazs=",
        "owner": "NixOS",
        "repo": "nixpkgs",
        "rev": "ffbc9f8cbaacfb331b6017d5a5abb21a492c9a38",
        "type": "github"
      },
      "original": {
        "owner": "NixOS",
        "ref": "nixos-unstable",
        "repo": "nixpkgs",
        "type": "github"
      }
    },
    "nixpkgs-small": {
      "locked": {
        "lastModified": 1768293512,
        "narHash": "sha256-bCZymHz8mBoW4u+ThvTZwHiOEPh0Wm3+zqog7KwR0CI=",
        "owner": "NixOS",
        "repo": "nixpkgs",
        "rev": "ccfbb9cd5859cc51c9d720b47b08e48d1aff633f",
        "type": "github"
      },
      "original": {
        "owner": "NixOS",
        "ref": "nixos-unstable-small",
        "repo": "nixpkgs",
        "type": "github"
      }
    },
    "noctalia": {
      "inputs": {
        "nixpkgs": [
          "nixpkgs"
        ]
      },
      "locked": {
        "lastModified": 1768058714,
        "narHash": "sha256-nyRGU5f04tal39wtjYxhNFfEOgOrlZiNp7oZRsdjqpw=",
        "owner": "noctalia-dev",
        "repo": "noctalia-shell",
        "rev": "740b2741e1a3913fa06aa46553818e9d3d7fbba8",
        "type": "github"
      },
      "original": {
        "owner": "noctalia-dev",
        "repo": "noctalia-shell",
        "type": "github"
      }
    },
    "root": {
      "inputs": {
        "nixpkgs": "nixpkgs",
        "nixpkgs-small": "nixpkgs-small",
        "noctalia": "noctalia"
      }
    }
  },
  "root": "root",
  "version": 7
}
